# ggen.lock — generated by `ggen sync`. Do not edit.

[packs.lean-math-pack]
source = "path:/Users/sac/praxis/packs/lean-math-pack"
content_hash = "blake3:36349e9ccb8fe80361a4c044dca3383f3a064b7b268e44073432079ec67cdc8b"

[packs.post-release-pack]
source = "path:/Users/sac/praxis/packs/post-release-pack"
content_hash = "blake3:befb766be6bc2ecc3b035d7409a79b2706a40addef07412af654474e074164e7"

[packs.quadrature-pack]
source = "path:/Users/sac/praxis/packs/quadrature-pack"
content_hash = "blake3:b75caee8374d0405494a37c4d67693a6e342cddcc00bc6364c19722cfcfb5748"
