# ggen.lock — generated by `ggen sync`. Do not edit.

[packs.lean-math-pack]
source = "path:/Users/sac/mfact/packs/lean-math-pack"
content_hash = "blake3:36349e9ccb8fe80361a4c044dca3383f3a064b7b268e44073432079ec67cdc8b"

[packs.post-release-pack]
source = "path:/Users/sac/mfact/packs/post-release-pack"
content_hash = "blake3:31678642b8ca9a8fe0f2f08d3bbccbd0dff821c65642f22e2d0b2bb064419b05"

[packs.quadrature-pack]
source = "path:/Users/sac/mfact/packs/quadrature-pack"
content_hash = "blake3:9bdfa67b2eed1135415e4e88712d1c5f8be1c36a1a7ff51e3da3d7b586c7c3c1"
