# ggen.lock — generated by `ggen sync`. Do not edit.

[packs.lean-math-pack]
source = "path:/Users/sac/mfact/packs/lean-math-pack"
content_hash = "blake3:7683af4462fa1c02dc68947de1dad7c8ff5d7cff01e9b397b8766ccc13ce11e1"

[packs.post-release-pack]
source = "path:/Users/sac/mfact/packs/post-release-pack"
content_hash = "blake3:4fe5ac14b9606903ff7d85c50b4d878b111e2bbb4d9dd7914129a9950e1557df"

[packs.quadrature-pack]
source = "path:/Users/sac/mfact/packs/quadrature-pack"
content_hash = "blake3:f06d5c208037a0395f1ad48043260710a4bac321816e61dff772fb2b57560854"
